
Microsoft Visual Studio Solution File, Format Version 12.00
# Visual Studio Version 17
VisualStudioVersion = 17.11.35327.3
MinimumVisualStudioVersion = 10.0.40219.1
Project("{FAE04EC0-301F-11D3-BF4B-00C04F79EFBC}") = "SK-Workshop-Lab2", "SK-Workshop-Lab2\SK-Workshop-Lab2.csproj", "{3DE005CF-CB89-41E9-86C6-5AD01489B6C1}"
EndProject
Global
	GlobalSection(SolutionConfigurationPlatforms) = preSolution
		Debug|Any CPU = Debug|Any CPU
		Release|Any CPU = Release|Any CPU
	EndGlobalSection
	GlobalSection(ProjectConfigurationPlatforms) = postSolution
		{3DE005CF-CB89-41E9-86C6-5AD01489B6C1}.Debug|Any CPU.ActiveCfg = Debug|Any CPU
		{3DE005CF-CB89-41E9-86C6-5AD01489B6C1}.Debug|Any CPU.Build.0 = Debug|Any CPU
		{3DE005CF-CB89-41E9-86C6-5AD01489B6C1}.Release|Any CPU.ActiveCfg = Release|Any CPU
		{3DE005CF-CB89-41E9-86C6-5AD01489B6C1}.Release|Any CPU.Build.0 = Release|Any CPU
	EndGlobalSection
	GlobalSection(SolutionProperties) = preSolution
		HideSolutionNode = FALSE
	EndGlobalSection
	GlobalSection(ExtensibilityGlobals) = postSolution
		SolutionGuid = {F8DA5E2A-A656-4F2F-9503-C61BC7228349}
	EndGlobalSection
EndGlobal
