
Microsoft Visual Studio Solution File, Format Version 12.00
# Visual Studio Version 17
VisualStudioVersion = 17.11.35327.3
MinimumVisualStudioVersion = 10.0.40219.1
Project("{FAE04EC0-301F-11D3-BF4B-00C04F79EFBC}") = "SK-Workshop-Lab3", "SK-Workshop-Lab3\SK-Workshop-Lab3.csproj", "{66D99173-1CD6-4EB9-B41D-A44FB0FA1CB2}"
EndProject
Global
	GlobalSection(SolutionConfigurationPlatforms) = preSolution
		Debug|Any CPU = Debug|Any CPU
		Release|Any CPU = Release|Any CPU
	EndGlobalSection
	GlobalSection(ProjectConfigurationPlatforms) = postSolution
		{66D99173-1CD6-4EB9-B41D-A44FB0FA1CB2}.Debug|Any CPU.ActiveCfg = Debug|Any CPU
		{66D99173-1CD6-4EB9-B41D-A44FB0FA1CB2}.Debug|Any CPU.Build.0 = Debug|Any CPU
		{66D99173-1CD6-4EB9-B41D-A44FB0FA1CB2}.Release|Any CPU.ActiveCfg = Release|Any CPU
		{66D99173-1CD6-4EB9-B41D-A44FB0FA1CB2}.Release|Any CPU.Build.0 = Release|Any CPU
	EndGlobalSection
	GlobalSection(SolutionProperties) = preSolution
		HideSolutionNode = FALSE
	EndGlobalSection
	GlobalSection(ExtensibilityGlobals) = postSolution
		SolutionGuid = {697099BD-E080-4C9E-804C-0F098DB4DB09}
	EndGlobalSection
EndGlobal
