
Microsoft Visual Studio Solution File, Format Version 12.00
# Visual Studio Version 17
VisualStudioVersion = 17.5.002.0
MinimumVisualStudioVersion = 10.0.40219.1
Project("{9A19103F-16F7-4668-BE54-9A1E7A4F7556}") = "lab0", "lab0.csproj", "{9F6B6762-BB63-4B29-93EE-C7BDE77F6180}"
EndProject
Global
	GlobalSection(SolutionConfigurationPlatforms) = preSolution
		Debug|Any CPU = Debug|Any CPU
		Release|Any CPU = Release|Any CPU
	EndGlobalSection
	GlobalSection(ProjectConfigurationPlatforms) = postSolution
		{9F6B6762-BB63-4B29-93EE-C7BDE77F6180}.Debug|Any CPU.ActiveCfg = Debug|Any CPU
		{9F6B6762-BB63-4B29-93EE-C7BDE77F6180}.Debug|Any CPU.Build.0 = Debug|Any CPU
		{9F6B6762-BB63-4B29-93EE-C7BDE77F6180}.Release|Any CPU.ActiveCfg = Release|Any CPU
		{9F6B6762-BB63-4B29-93EE-C7BDE77F6180}.Release|Any CPU.Build.0 = Release|Any CPU
	EndGlobalSection
	GlobalSection(SolutionProperties) = preSolution
		HideSolutionNode = FALSE
	EndGlobalSection
	GlobalSection(ExtensibilityGlobals) = postSolution
		SolutionGuid = {4E5355A4-6B37-40F4-B351-5FE00B5BA56E}
	EndGlobalSection
EndGlobal
